{
  "name": "trailfinder",
  "version": "1.0.0",
  "lockfileVersion": 1,
  "requires": true,
  "dependencies": {
    "codename-stackoverflow": {
      "version": "1.0.1",
      "resolved": "https://registry.npmjs.org/codename-stackoverflow/-/codename-stackoverflow-1.0.1.tgz",
      "integrity": "sha512-rtys4Fnkb87VPOoqMd3xHNdhJgme78n1CIDYyJHarVh4piyEG7aFLQUSTGqPb2Ch9Dnw6aOVb0zZZxjCaHkoNw=="
    }
  }
}
